
Microsoft Visual Studio Solution File, Format Version 12.00
# Visual Studio Version 17
VisualStudioVersion = 17.3.32825.248
MinimumVisualStudioVersion = 10.0.40219.1
Project("{9A19103F-16F7-4668-BE54-9A1E7A4F7556}") = "ValiantECS", "ValiantECS.csproj", "{764394B4-C066-440B-A0B9-2A6BBCBF62ED}"
EndProject
Project("{9A19103F-16F7-4668-BE54-9A1E7A4F7556}") = "ValiantECS.Tests", "..\ValiantECS.Tests\ValiantECS.Tests.csproj", "{5F1BFF8F-51E8-4BCA-83DF-9D636F1A9BBC}"
EndProject
Project("{FAE04EC0-301F-11D3-BF4B-00C04F79EFBC}") = "ValiantRogue", "..\ValiantRogue\ValiantRogue.csproj", "{73D987DD-0448-4AC4-8365-D89079BA8F71}"
EndProject
Global
	GlobalSection(SolutionConfigurationPlatforms) = preSolution
		Debug|Any CPU = Debug|Any CPU
		Release|Any CPU = Release|Any CPU
	EndGlobalSection
	GlobalSection(ProjectConfigurationPlatforms) = postSolution
		{764394B4-C066-440B-A0B9-2A6BBCBF62ED}.Debug|Any CPU.ActiveCfg = Debug|Any CPU
		{764394B4-C066-440B-A0B9-2A6BBCBF62ED}.Debug|Any CPU.Build.0 = Debug|Any CPU
		{764394B4-C066-440B-A0B9-2A6BBCBF62ED}.Release|Any CPU.ActiveCfg = Release|Any CPU
		{764394B4-C066-440B-A0B9-2A6BBCBF62ED}.Release|Any CPU.Build.0 = Release|Any CPU
		{5F1BFF8F-51E8-4BCA-83DF-9D636F1A9BBC}.Debug|Any CPU.ActiveCfg = Debug|Any CPU
		{5F1BFF8F-51E8-4BCA-83DF-9D636F1A9BBC}.Debug|Any CPU.Build.0 = Debug|Any CPU
		{5F1BFF8F-51E8-4BCA-83DF-9D636F1A9BBC}.Release|Any CPU.ActiveCfg = Release|Any CPU
		{5F1BFF8F-51E8-4BCA-83DF-9D636F1A9BBC}.Release|Any CPU.Build.0 = Release|Any CPU
		{73D987DD-0448-4AC4-8365-D89079BA8F71}.Debug|Any CPU.ActiveCfg = Debug|Any CPU
		{73D987DD-0448-4AC4-8365-D89079BA8F71}.Debug|Any CPU.Build.0 = Debug|Any CPU
		{73D987DD-0448-4AC4-8365-D89079BA8F71}.Release|Any CPU.ActiveCfg = Release|Any CPU
		{73D987DD-0448-4AC4-8365-D89079BA8F71}.Release|Any CPU.Build.0 = Release|Any CPU
	EndGlobalSection
	GlobalSection(SolutionProperties) = preSolution
		HideSolutionNode = FALSE
	EndGlobalSection
	GlobalSection(ExtensibilityGlobals) = postSolution
		SolutionGuid = {2B470CA1-C65D-4E3C-B904-96DD152A5C05}
	EndGlobalSection
EndGlobal
